
Microsoft Visual Studio Solution File, Format Version 12.00
# Visual Studio Version 16
VisualStudioVersion = 16.0.30804.86
MinimumVisualStudioVersion = 10.0.40219.1
Project("{FAE04EC0-301F-11D3-BF4B-00C04F79EFBC}") = "01. Blank Receipt", "01. Blank Receipt\01. Blank Receipt.csproj", "{2DB8A175-250D-4F1B-9120-08F211F751F6}"
EndProject
Project("{FAE04EC0-301F-11D3-BF4B-00C04F79EFBC}") = "02. Sign of Integer Number", "02. Sign of Integer Number\02. Sign of Integer Number.csproj", "{918F8F27-1329-432F-94BA-BF1901BB13FC}"
EndProject
Project("{FAE04EC0-301F-11D3-BF4B-00C04F79EFBC}") = "03. Printing Triangle", "03. Printing Triangle\03. Printing Triangle.csproj", "{C7181A0F-E758-478D-B5C0-011A3BD29DE6}"
EndProject
Project("{FAE04EC0-301F-11D3-BF4B-00C04F79EFBC}") = "04. Draw a Filled Square", "04. Draw a Filled Square\04. Draw a Filled Square.csproj", "{D0EE399D-1CBC-470B-9404-F33D8C7826E0}"
EndProject
Project("{FAE04EC0-301F-11D3-BF4B-00C04F79EFBC}") = "05. Temperature Conversion", "05. Temperature Conversion\05. Temperature Conversion.csproj", "{50B881A5-F7EB-4517-84D0-3BFCC6A66CA5}"
EndProject
Global
	GlobalSection(SolutionConfigurationPlatforms) = preSolution
		Debug|Any CPU = Debug|Any CPU
		Release|Any CPU = Release|Any CPU
	EndGlobalSection
	GlobalSection(ProjectConfigurationPlatforms) = postSolution
		{2DB8A175-250D-4F1B-9120-08F211F751F6}.Debug|Any CPU.ActiveCfg = Debug|Any CPU
		{2DB8A175-250D-4F1B-9120-08F211F751F6}.Debug|Any CPU.Build.0 = Debug|Any CPU
		{2DB8A175-250D-4F1B-9120-08F211F751F6}.Release|Any CPU.ActiveCfg = Release|Any CPU
		{2DB8A175-250D-4F1B-9120-08F211F751F6}.Release|Any CPU.Build.0 = Release|Any CPU
		{918F8F27-1329-432F-94BA-BF1901BB13FC}.Debug|Any CPU.ActiveCfg = Debug|Any CPU
		{918F8F27-1329-432F-94BA-BF1901BB13FC}.Debug|Any CPU.Build.0 = Debug|Any CPU
		{918F8F27-1329-432F-94BA-BF1901BB13FC}.Release|Any CPU.ActiveCfg = Release|Any CPU
		{918F8F27-1329-432F-94BA-BF1901BB13FC}.Release|Any CPU.Build.0 = Release|Any CPU
		{C7181A0F-E758-478D-B5C0-011A3BD29DE6}.Debug|Any CPU.ActiveCfg = Debug|Any CPU
		{C7181A0F-E758-478D-B5C0-011A3BD29DE6}.Debug|Any CPU.Build.0 = Debug|Any CPU
		{C7181A0F-E758-478D-B5C0-011A3BD29DE6}.Release|Any CPU.ActiveCfg = Release|Any CPU
		{C7181A0F-E758-478D-B5C0-011A3BD29DE6}.Release|Any CPU.Build.0 = Release|Any CPU
		{D0EE399D-1CBC-470B-9404-F33D8C7826E0}.Debug|Any CPU.ActiveCfg = Debug|Any CPU
		{D0EE399D-1CBC-470B-9404-F33D8C7826E0}.Debug|Any CPU.Build.0 = Debug|Any CPU
		{D0EE399D-1CBC-470B-9404-F33D8C7826E0}.Release|Any CPU.ActiveCfg = Release|Any CPU
		{D0EE399D-1CBC-470B-9404-F33D8C7826E0}.Release|Any CPU.Build.0 = Release|Any CPU
		{50B881A5-F7EB-4517-84D0-3BFCC6A66CA5}.Debug|Any CPU.ActiveCfg = Debug|Any CPU
		{50B881A5-F7EB-4517-84D0-3BFCC6A66CA5}.Debug|Any CPU.Build.0 = Debug|Any CPU
		{50B881A5-F7EB-4517-84D0-3BFCC6A66CA5}.Release|Any CPU.ActiveCfg = Release|Any CPU
		{50B881A5-F7EB-4517-84D0-3BFCC6A66CA5}.Release|Any CPU.Build.0 = Release|Any CPU
	EndGlobalSection
	GlobalSection(SolutionProperties) = preSolution
		HideSolutionNode = FALSE
	EndGlobalSection
	GlobalSection(ExtensibilityGlobals) = postSolution
		SolutionGuid = {A1CD21A1-DC1B-4568-82D9-9DBEDD6DB2F2}
	EndGlobalSection
EndGlobal
